
Microsoft Visual Studio Solution File, Format Version 12.00
# Visual Studio Version 16
VisualStudioVersion = 16.0.31019.35
MinimumVisualStudioVersion = 10.0.40219.1
Project("{FAE04EC0-301F-11D3-BF4B-00C04F79EFBC}") = "Tetris Factory", "Tetris Factory\Tetris Factory.csproj", "{749A59FD-3934-44F8-B560-A090D5D71E0B}"
EndProject
Global
	GlobalSection(SolutionConfigurationPlatforms) = preSolution
		Debug|Any CPU = Debug|Any CPU
		Release|Any CPU = Release|Any CPU
	EndGlobalSection
	GlobalSection(ProjectConfigurationPlatforms) = postSolution
		{749A59FD-3934-44F8-B560-A090D5D71E0B}.Debug|Any CPU.ActiveCfg = Debug|Any CPU
		{749A59FD-3934-44F8-B560-A090D5D71E0B}.Debug|Any CPU.Build.0 = Debug|Any CPU
		{749A59FD-3934-44F8-B560-A090D5D71E0B}.Release|Any CPU.ActiveCfg = Release|Any CPU
		{749A59FD-3934-44F8-B560-A090D5D71E0B}.Release|Any CPU.Build.0 = Release|Any CPU
	EndGlobalSection
	GlobalSection(SolutionProperties) = preSolution
		HideSolutionNode = FALSE
	EndGlobalSection
	GlobalSection(ExtensibilityGlobals) = postSolution
		SolutionGuid = {AFB176A2-D9F7-410C-8C90-BC2F52B9F3EE}
	EndGlobalSection
EndGlobal
